// !$*UTF8*$!
{
	archiveVersion = 1;
	classes = {
	};
	objectVersion = 56;
	objects = {

/* Begin PBXBuildFile section */
		1033421A2B1F589100F5F67E /* restart_swiftuiApp.swift in Sources */ = {isa = PBXBuildFile; fileRef = 103342192B1F589100F5F67E /* restart_swiftuiApp.swift */; };
		1033421C2B1F589100F5F67E /* ContentView.swift in Sources */ = {isa = PBXBuildFile; fileRef = 1033421B2B1F589100F5F67E /* ContentView.swift */; };
		1033421E2B1F589200F5F67E /* Assets.xcassets in Resources */ = {isa = PBXBuildFile; fileRef = 1033421D2B1F589200F5F67E /* Assets.xcassets */; };
		103342212B1F589200F5F67E /* Preview Assets.xcassets in Resources */ = {isa = PBXBuildFile; fileRef = 103342202B1F589200F5F67E /* Preview Assets.xcassets */; };
		103342292B1F9F0100F5F67E /* success.m4a in Resources */ = {isa = PBXBuildFile; fileRef = 103342272B1F9F0100F5F67E /* success.m4a */; };
		1033422A2B1F9F0100F5F67E /* chimeup.mp3 in Resources */ = {isa = PBXBuildFile; fileRef = 103342282B1F9F0100F5F67E /* chimeup.mp3 */; };
		103342312B1FA26900F5F67E /* OnboardingView.swift in Sources */ = {isa = PBXBuildFile; fileRef = 103342302B1FA26900F5F67E /* OnboardingView.swift */; };
		103342332B1FA2BA00F5F67E /* HomeView.swift in Sources */ = {isa = PBXBuildFile; fileRef = 103342322B1FA2BA00F5F67E /* HomeView.swift */; };
		10AB34082B1FC2BE007CE702 /* CircleGroupView.swift in Sources */ = {isa = PBXBuildFile; fileRef = 10AB34072B1FC2BE007CE702 /* CircleGroupView.swift */; };
/* End PBXBuildFile section */

/* Begin PBXFileReference section */
		103342162B1F589100F5F67E /* restart-swiftui.app */ = {isa = PBXFileReference; explicitFileType = wrapper.application; includeInIndex = 0; path = "restart-swiftui.app"; sourceTree = BUILT_PRODUCTS_DIR; };
		103342192B1F589100F5F67E /* restart_swiftuiApp.swift */ = {isa = PBXFileReference; lastKnownFileType = sourcecode.swift; path = restart_swiftuiApp.swift; sourceTree = "<group>"; };
		1033421B2B1F589100F5F67E /* ContentView.swift */ = {isa = PBXFileReference; lastKnownFileType = sourcecode.swift; path = ContentView.swift; sourceTree = "<group>"; };
		1033421D2B1F589200F5F67E /* Assets.xcassets */ = {isa = PBXFileReference; lastKnownFileType = folder.assetcatalog; path = Assets.xcassets; sourceTree = "<group>"; };
		103342202B1F589200F5F67E /* Preview Assets.xcassets */ = {isa = PBXFileReference; lastKnownFileType = folder.assetcatalog; path = "Preview Assets.xcassets"; sourceTree = "<group>"; };
		103342272B1F9F0100F5F67E /* success.m4a */ = {isa = PBXFileReference; lastKnownFileType = file; path = success.m4a; sourceTree = "<group>"; };
		103342282B1F9F0100F5F67E /* chimeup.mp3 */ = {isa = PBXFileReference; lastKnownFileType = audio.mp3; path = chimeup.mp3; sourceTree = "<group>"; };
		1033422F2B1FA1F800F5F67E /* Info.plist */ = {isa = PBXFileReference; lastKnownFileType = text.plist; path = Info.plist; sourceTree = "<group>"; };
		103342302B1FA26900F5F67E /* OnboardingView.swift */ = {isa = PBXFileReference; lastKnownFileType = sourcecode.swift; path = OnboardingView.swift; sourceTree = "<group>"; };
		103342322B1FA2BA00F5F67E /* HomeView.swift */ = {isa = PBXFileReference; lastKnownFileType = sourcecode.swift; path = HomeView.swift; sourceTree = "<group>"; };
		10AB34072B1FC2BE007CE702 /* CircleGroupView.swift */ = {isa = PBXFileReference; lastKnownFileType = sourcecode.swift; path = CircleGroupView.swift; sourceTree = "<group>"; };
/* End PBXFileReference section */

/* Begin PBXFrameworksBuildPhase section */
		103342132B1F589100F5F67E /* Frameworks */ = {
			isa = PBXFrameworksBuildPhase;
			buildActionMask = 2147483647;
			files = (
			);
			runOnlyForDeploymentPostprocessing = 0;
		};
/* End PBXFrameworksBuildPhase section */

/* Begin PBXGroup section */
		1033420D2B1F589100F5F67E = {
			isa = PBXGroup;
			children = (
				103342182B1F589100F5F67E /* restart-swiftui */,
				103342172B1F589100F5F67E /* Products */,
			);
			sourceTree = "<group>";
		};
		103342172B1F589100F5F67E /* Products */ = {
			isa = PBXGroup;
			children = (
				103342162B1F589100F5F67E /* restart-swiftui.app */,
			);
			name = Products;
			sourceTree = "<group>";
		};
		103342182B1F589100F5F67E /* restart-swiftui */ = {
			isa = PBXGroup;
			children = (
				1033422F2B1FA1F800F5F67E /* Info.plist */,
				1033422E2B1FA06000F5F67E /* Utilities */,
				1033422D2B1FA04E00F5F67E /* Views */,
				1033422B2B1F9F0500F5F67E /* Sounds */,
				103342192B1F589100F5F67E /* restart_swiftuiApp.swift */,
				1033422C2B1FA04400F5F67E /* Screens */,
				1033421D2B1F589200F5F67E /* Assets.xcassets */,
				1033421F2B1F589200F5F67E /* Preview Content */,
			);
			path = "restart-swiftui";
			sourceTree = "<group>";
		};
		1033421F2B1F589200F5F67E /* Preview Content */ = {
			isa = PBXGroup;
			children = (
				103342202B1F589200F5F67E /* Preview Assets.xcassets */,
			);
			path = "Preview Content";
			sourceTree = "<group>";
		};
		1033422B2B1F9F0500F5F67E /* Sounds */ = {
			isa = PBXGroup;
			children = (
				103342282B1F9F0100F5F67E /* chimeup.mp3 */,
				103342272B1F9F0100F5F67E /* success.m4a */,
			);
			path = Sounds;
			sourceTree = "<group>";
		};
		1033422C2B1FA04400F5F67E /* Screens */ = {
			isa = PBXGroup;
			children = (
				1033421B2B1F589100F5F67E /* ContentView.swift */,
				103342302B1FA26900F5F67E /* OnboardingView.swift */,
				103342322B1FA2BA00F5F67E /* HomeView.swift */,
			);
			path = Screens;
			sourceTree = "<group>";
		};
		1033422D2B1FA04E00F5F67E /* Views */ = {
			isa = PBXGroup;
			children = (
				10AB34072B1FC2BE007CE702 /* CircleGroupView.swift */,
			);
			path = Views;
			sourceTree = "<group>";
		};
		1033422E2B1FA06000F5F67E /* Utilities */ = {
			isa = PBXGroup;
			children = (
			);
			path = Utilities;
			sourceTree = "<group>";
		};
/* End PBXGroup section */

/* Begin PBXNativeTarget section */
		103342152B1F589100F5F67E /* restart-swiftui */ = {
			isa = PBXNativeTarget;
			buildConfigurationList = 103342242B1F589200F5F67E /* Build configuration list for PBXNativeTarget "restart-swiftui" */;
			buildPhases = (
				103342122B1F589100F5F67E /* Sources */,
				103342132B1F589100F5F67E /* Frameworks */,
				103342142B1F589100F5F67E /* Resources */,
			);
			buildRules = (
			);
			dependencies = (
			);
			name = "restart-swiftui";
			productName = "restart-swiftui";
			productReference = 103342162B1F589100F5F67E /* restart-swiftui.app */;
			productType = "com.apple.product-type.application";
		};
/* End PBXNativeTarget section */

/* Begin PBXProject section */
		1033420E2B1F589100F5F67E /* Project object */ = {
			isa = PBXProject;
			attributes = {
				BuildIndependentTargetsInParallel = 1;
				LastSwiftUpdateCheck = 1430;
				LastUpgradeCheck = 1430;
				TargetAttributes = {
					103342152B1F589100F5F67E = {
						CreatedOnToolsVersion = 14.3.1;
					};
				};
			};
			buildConfigurationList = 103342112B1F589100F5F67E /* Build configuration list for PBXProject "restart-swiftui" */;
			compatibilityVersion = "Xcode 14.0";
			developmentRegion = en;
			hasScannedForEncodings = 0;
			knownRegions = (
				en,
				Base,
			);
			mainGroup = 1033420D2B1F589100F5F67E;
			productRefGroup = 103342172B1F589100F5F67E /* Products */;
			projectDirPath = "";
			projectRoot = "";
			targets = (
				103342152B1F589100F5F67E /* restart-swiftui */,
			);
		};
/* End PBXProject section */

/* Begin PBXResourcesBuildPhase section */
		103342142B1F589100F5F67E /* Resources */ = {
			isa = PBXResourcesBuildPhase;
			buildActionMask = 2147483647;
			files = (
				1033422A2B1F9F0100F5F67E /* chimeup.mp3 in Resources */,
				103342212B1F589200F5F67E /* Preview Assets.xcassets in Resources */,
				103342292B1F9F0100F5F67E /* success.m4a in Resources */,
				1033421E2B1F589200F5F67E /* Assets.xcassets in Resources */,
			);
			runOnlyForDeploymentPostprocessing = 0;
		};
/* End PBXResourcesBuildPhase section */

/* Begin PBXSourcesBuildPhase section */
		103342122B1F589100F5F67E /* Sources */ = {
			isa = PBXSourcesBuildPhase;
			buildActionMask = 2147483647;
			files = (
				10AB34082B1FC2BE007CE702 /* CircleGroupView.swift in Sources */,
				103342312B1FA26900F5F67E /* OnboardingView.swift in Sources */,
				103342332B1FA2BA00F5F67E /* HomeView.swift in Sources */,
				1033421C2B1F589100F5F67E /* ContentView.swift in Sources */,
				1033421A2B1F589100F5F67E /* restart_swiftuiApp.swift in Sources */,
			);
			runOnlyForDeploymentPostprocessing = 0;
		};
/* End PBXSourcesBuildPhase section */

/* Begin XCBuildConfiguration section */
		103342222B1F589200F5F67E /* Debug */ = {
			isa = XCBuildConfiguration;
			buildSettings = {
				ALWAYS_SEARCH_USER_PATHS = NO;
				CLANG_ANALYZER_NONNULL = YES;
				CLANG_ANALYZER_NUMBER_OBJECT_CONVERSION = YES_AGGRESSIVE;
				CLANG_CXX_LANGUAGE_STANDARD = "gnu++20";
				CLANG_ENABLE_MODULES = YES;
				CLANG_ENABLE_OBJC_ARC = YES;
				CLANG_ENABLE_OBJC_WEAK = YES;
				CLANG_WARN_BLOCK_CAPTURE_AUTORELEASING = YES;
				CLANG_WARN_BOOL_CONVERSION = YES;
				CLANG_WARN_COMMA = YES;
				CLANG_WARN_CONSTANT_CONVERSION = YES;
				CLANG_WARN_DEPRECATED_OBJC_IMPLEMENTATIONS = YES;
				CLANG_WARN_DIRECT_OBJC_ISA_USAGE = YES_ERROR;
				CLANG_WARN_DOCUMENTATION_COMMENTS = YES;
				CLANG_WARN_EMPTY_BODY = YES;
				CLANG_WARN_ENUM_CONVERSION = YES;
				CLANG_WARN_INFINITE_RECURSION = YES;
				CLANG_WARN_INT_CONVERSION = YES;
				CLANG_WARN_NON_LITERAL_NULL_CONVERSION = YES;
				CLANG_WARN_OBJC_IMPLICIT_RETAIN_SELF = YES;
				CLANG_WARN_OBJC_LITERAL_CONVERSION = YES;
				CLANG_WARN_OBJC_ROOT_CLASS = YES_ERROR;
				CLANG_WARN_QUOTED_INCLUDE_IN_FRAMEWORK_HEADER = YES;
				CLANG_WARN_RANGE_LOOP_ANALYSIS = YES;
				CLANG_WARN_STRICT_PROTOTYPES = YES;
				CLANG_WARN_SUSPICIOUS_MOVE = YES;
				CLANG_WARN_UNGUARDED_AVAILABILITY = YES_AGGRESSIVE;
				CLANG_WARN_UNREACHABLE_CODE = YES;
				CLANG_WARN__DUPLICATE_METHOD_MATCH = YES;
				COPY_PHASE_STRIP = NO;
				DEBUG_INFORMATION_FORMAT = dwarf;
				ENABLE_STRICT_OBJC_MSGSEND = YES;
				ENABLE_TESTABILITY = YES;
				GCC_C_LANGUAGE_STANDARD = gnu11;
				GCC_DYNAMIC_NO_PIC = NO;
				GCC_NO_COMMON_BLOCKS = YES;
				GCC_OPTIMIZATION_LEVEL = 0;
				GCC_PREPROCESSOR_DEFINITIONS = (
					"DEBUG=1",
					"$(inherited)",
				);
				GCC_WARN_64_TO_32_BIT_CONVERSION = YES;
				GCC_WARN_ABOUT_RETURN_TYPE = YES_ERROR;
				GCC_WARN_UNDECLARED_SELECTOR = YES;
				GCC_WARN_UNINITIALIZED_AUTOS = YES_AGGRESSIVE;
				GCC_WARN_UNUSED_FUNCTION = YES;
				GCC_WARN_UNUSED_VARIABLE = YES;
				IPHONEOS_DEPLOYMENT_TARGET = 16.4;
				MTL_ENABLE_DEBUG_INFO = INCLUDE_SOURCE;
				MTL_FAST_MATH = YES;
				ONLY_ACTIVE_ARCH = YES;
				SDKROOT = iphoneos;
				SWIFT_ACTIVE_COMPILATION_CONDITIONS = DEBUG;
				SWIFT_OPTIMIZATION_LEVEL = "-Onone";
			};
			name = Debug;
		};
		103342232B1F589200F5F67E /* Release */ = {
			isa = XCBuildConfiguration;
			buildSettings = {
				ALWAYS_SEARCH_USER_PATHS = NO;
				CLANG_ANALYZER_NONNULL = YES;
				CLANG_ANALYZER_NUMBER_OBJECT_CONVERSION = YES_AGGRESSIVE;
				CLANG_CXX_LANGUAGE_STANDARD = "gnu++20";
				CLANG_ENABLE_MODULES = YES;
				CLANG_ENABLE_OBJC_ARC = YES;
				CLANG_ENABLE_OBJC_WEAK = YES;
				CLANG_WARN_BLOCK_CAPTURE_AUTORELEASING = YES;
				CLANG_WARN_BOOL_CONVERSION = YES;
				CLANG_WARN_COMMA = YES;
				CLANG_WARN_CONSTANT_CONVERSION = YES;
				CLANG_WARN_DEPRECATED_OBJC_IMPLEMENTATIONS = YES;
				CLANG_WARN_DIRECT_OBJC_ISA_USAGE = YES_ERROR;
				CLANG_WARN_DOCUMENTATION_COMMENTS = YES;
				CLANG_WARN_EMPTY_BODY = YES;
				CLANG_WARN_ENUM_CONVERSION = YES;
				CLANG_WARN_INFINITE_RECURSION = YES;
				CLANG_WARN_INT_CONVERSION = YES;
				CLANG_WARN_NON_LITERAL_NULL_CONVERSION = YES;
				CLANG_WARN_OBJC_IMPLICIT_RETAIN_SELF = YES;
				CLANG_WARN_OBJC_LITERAL_CONVERSION = YES;
				CLANG_WARN_OBJC_ROOT_CLASS = YES_ERROR;
				CLANG_WARN_QUOTED_INCLUDE_IN_FRAMEWORK_HEADER = YES;
				CLANG_WARN_RANGE_LOOP_ANALYSIS = YES;
				CLANG_WARN_STRICT_PROTOTYPES = YES;
				CLANG_WARN_SUSPICIOUS_MOVE = YES;
				CLANG_WARN_UNGUARDED_AVAILABILITY = YES_AGGRESSIVE;
				CLANG_WARN_UNREACHABLE_CODE = YES;
				CLANG_WARN__DUPLICATE_METHOD_MATCH = YES;
				COPY_PHASE_STRIP = NO;
				DEBUG_INFORMATION_FORMAT = "dwarf-with-dsym";
				ENABLE_NS_ASSERTIONS = NO;
				ENABLE_STRICT_OBJC_MSGSEND = YES;
				GCC_C_LANGUAGE_STANDARD = gnu11;
				GCC_NO_COMMON_BLOCKS = YES;
				GCC_WARN_64_TO_32_BIT_CONVERSION = YES;
				GCC_WARN_ABOUT_RETURN_TYPE = YES_ERROR;
				GCC_WARN_UNDECLARED_SELECTOR = YES;
				GCC_WARN_UNINITIALIZED_AUTOS = YES_AGGRESSIVE;
				GCC_WARN_UNUSED_FUNCTION = YES;
				GCC_WARN_UNUSED_VARIABLE = YES;
				IPHONEOS_DEPLOYMENT_TARGET = 16.4;
				MTL_ENABLE_DEBUG_INFO = NO;
				MTL_FAST_MATH = YES;
				SDKROOT = iphoneos;
				SWIFT_COMPILATION_MODE = wholemodule;
				SWIFT_OPTIMIZATION_LEVEL = "-O";
				VALIDATE_PRODUCT = YES;
			};
			name = Release;
		};
		103342252B1F589200F5F67E /* Debug */ = {
			isa = XCBuildConfiguration;
			buildSettings = {
				ASSETCATALOG_COMPILER_APPICON_NAME = AppIcon;
				ASSETCATALOG_COMPILER_GLOBAL_ACCENT_COLOR_NAME = AccentColor;
				CODE_SIGN_STYLE = Automatic;
				CURRENT_PROJECT_VERSION = 1;
				DEVELOPMENT_ASSET_PATHS = "\"restart-swiftui/Preview Content\"";
				DEVELOPMENT_TEAM = 84UUUS3LYJ;
				ENABLE_PREVIEWS = YES;
				GENERATE_INFOPLIST_FILE = YES;
				INFOPLIST_FILE = "restart-swiftui/Info.plist";
				INFOPLIST_KEY_CFBundleDisplayName = Restart;
				INFOPLIST_KEY_UIApplicationSceneManifest_Generation = YES;
				INFOPLIST_KEY_UIApplicationSupportsIndirectInputEvents = YES;
				INFOPLIST_KEY_UISupportedInterfaceOrientations = UIInterfaceOrientationPortrait;
				IPHONEOS_DEPLOYMENT_TARGET = 15.0;
				LD_RUNPATH_SEARCH_PATHS = (
					"$(inherited)",
					"@executable_path/Frameworks",
				);
				MARKETING_VERSION = 1.0;
				PRODUCT_BUNDLE_IDENTIFIER = com.kshitijchauhan.restart;
				PRODUCT_NAME = "$(TARGET_NAME)";
				SWIFT_EMIT_LOC_STRINGS = YES;
				SWIFT_VERSION = 5.0;
				TARGETED_DEVICE_FAMILY = "1,2";
			};
			name = Debug;
		};
		103342262B1F589200F5F67E /* Release */ = {
			isa = XCBuildConfiguration;
			buildSettings = {
				ASSETCATALOG_COMPILER_APPICON_NAME = AppIcon;
				ASSETCATALOG_COMPILER_GLOBAL_ACCENT_COLOR_NAME = AccentColor;
				CODE_SIGN_STYLE = Automatic;
				CURRENT_PROJECT_VERSION = 1;
				DEVELOPMENT_ASSET_PATHS = "\"restart-swiftui/Preview Content\"";
				DEVELOPMENT_TEAM = 84UUUS3LYJ;
				ENABLE_PREVIEWS = YES;
				GENERATE_INFOPLIST_FILE = YES;
				INFOPLIST_FILE = "restart-swiftui/Info.plist";
				INFOPLIST_KEY_CFBundleDisplayName = Restart;
				INFOPLIST_KEY_UIApplicationSceneManifest_Generation = YES;
				INFOPLIST_KEY_UIApplicationSupportsIndirectInputEvents = YES;
				INFOPLIST_KEY_UISupportedInterfaceOrientations = UIInterfaceOrientationPortrait;
				IPHONEOS_DEPLOYMENT_TARGET = 15.0;
				LD_RUNPATH_SEARCH_PATHS = (
					"$(inherited)",
					"@executable_path/Frameworks",
				);
				MARKETING_VERSION = 1.0;
				PRODUCT_BUNDLE_IDENTIFIER = com.kshitijchauhan.restart;
				PRODUCT_NAME = "$(TARGET_NAME)";
				SWIFT_EMIT_LOC_STRINGS = YES;
				SWIFT_VERSION = 5.0;
				TARGETED_DEVICE_FAMILY = "1,2";
			};
			name = Release;
		};
/* End XCBuildConfiguration section */

/* Begin XCConfigurationList section */
		103342112B1F589100F5F67E /* Build configuration list for PBXProject "restart-swiftui" */ = {
			isa = XCConfigurationList;
			buildConfigurations = (
				103342222B1F589200F5F67E /* Debug */,
				103342232B1F589200F5F67E /* Release */,
			);
			defaultConfigurationIsVisible = 0;
			defaultConfigurationName = Release;
		};
		103342242B1F589200F5F67E /* Build configuration list for PBXNativeTarget "restart-swiftui" */ = {
			isa = XCConfigurationList;
			buildConfigurations = (
				103342252B1F589200F5F67E /* Debug */,
				103342262B1F589200F5F67E /* Release */,
			);
			defaultConfigurationIsVisible = 0;
			defaultConfigurationName = Release;
		};
/* End XCConfigurationList section */
	};
	rootObject = 1033420E2B1F589100F5F67E /* Project object */;
}
